{
  "name": "openpylot",
  "version": "0.1.0",
  "lockfileVersion": 3,
  "requires": true,
  "packages": {
    "": {
      "name": "openpylot",
      "version": "0.1.0",
      "license": "Apache-2.0",
      "bin": {
        "pylot": "js/cli.js"
      },
      "devDependencies": {
        "@napi-rs/cli": "^2.18.0"
      },
      "optionalDependencies": {
        "openpylot-darwin-arm64": "0.1.0",
        "openpylot-darwin-x64": "0.1.0",
        "openpylot-linux-arm64-gnu": "0.1.0",
        "openpylot-linux-x64-gnu": "0.1.0",
        "openpylot-win32-x64-msvc": "0.1.0"
      }
    },
    "node_modules/@napi-rs/cli": {
      "version": "2.18.4",
      "resolved": "https://registry.npmjs.org/@napi-rs/cli/-/cli-2.18.4.tgz",
      "integrity": "sha512-SgJeA4df9DE2iAEpr3M2H0OKl/yjtg1BnRI5/JyowS71tUWhrfSu2LT0V3vlHET+g1hBVlrO60PmEXwUEKp8Mg==",
      "dev": true,
      "license": "MIT",
      "bin": {
        "napi": "scripts/index.js"
      },
      "engines": {
        "node": ">= 10"
      },
      "funding": {
        "type": "github",
        "url": "https://github.com/sponsors/Brooooooklyn"
      }
    },
    "node_modules/openpylot-darwin-arm64": {
      "optional": true
    },
    "node_modules/openpylot-darwin-x64": {
      "optional": true
    },
    "node_modules/openpylot-linux-arm64-gnu": {
      "optional": true
    },
    "node_modules/openpylot-linux-x64-gnu": {
      "optional": true
    },
    "node_modules/openpylot-win32-x64-msvc": {
      "optional": true
    }
  }
}
